
Microsoft Visual Studio Solution File, Format Version 12.00
# Visual Studio Version 16
VisualStudioVersion = 16.0.32630.194
MinimumVisualStudioVersion = 10.0.40219.1
Project("{FAE04EC0-301F-11D3-BF4B-00C04F79EFBC}") = "Entidades", "Entidades\Entidades.csproj", "{81E1D6B1-6B5D-4E76-A55C-D9C90F497984}"
EndProject
Project("{9A19103F-16F7-4668-BE54-9A1E7A4F7556}") = "Consola", "Consola\Consola.csproj", "{8677A65D-06B7-4291-9695-8B6E91524F33}"
EndProject
Project("{FAE04EC0-301F-11D3-BF4B-00C04F79EFBC}") = "Forms", "TestingForm\Forms.csproj", "{5975F32A-49F2-4B5F-B3C3-69FDE204709C}"
EndProject
Global
	GlobalSection(SolutionConfigurationPlatforms) = preSolution
		Debug|Any CPU = Debug|Any CPU
		Release|Any CPU = Release|Any CPU
	EndGlobalSection
	GlobalSection(ProjectConfigurationPlatforms) = postSolution
		{81E1D6B1-6B5D-4E76-A55C-D9C90F497984}.Debug|Any CPU.ActiveCfg = Debug|Any CPU
		{81E1D6B1-6B5D-4E76-A55C-D9C90F497984}.Debug|Any CPU.Build.0 = Debug|Any CPU
		{81E1D6B1-6B5D-4E76-A55C-D9C90F497984}.Release|Any CPU.ActiveCfg = Release|Any CPU
		{81E1D6B1-6B5D-4E76-A55C-D9C90F497984}.Release|Any CPU.Build.0 = Release|Any CPU
		{8677A65D-06B7-4291-9695-8B6E91524F33}.Debug|Any CPU.ActiveCfg = Debug|Any CPU
		{8677A65D-06B7-4291-9695-8B6E91524F33}.Debug|Any CPU.Build.0 = Debug|Any CPU
		{8677A65D-06B7-4291-9695-8B6E91524F33}.Release|Any CPU.ActiveCfg = Release|Any CPU
		{8677A65D-06B7-4291-9695-8B6E91524F33}.Release|Any CPU.Build.0 = Release|Any CPU
		{5975F32A-49F2-4B5F-B3C3-69FDE204709C}.Debug|Any CPU.ActiveCfg = Debug|Any CPU
		{5975F32A-49F2-4B5F-B3C3-69FDE204709C}.Debug|Any CPU.Build.0 = Debug|Any CPU
		{5975F32A-49F2-4B5F-B3C3-69FDE204709C}.Release|Any CPU.ActiveCfg = Release|Any CPU
		{5975F32A-49F2-4B5F-B3C3-69FDE204709C}.Release|Any CPU.Build.0 = Release|Any CPU
	EndGlobalSection
	GlobalSection(SolutionProperties) = preSolution
		HideSolutionNode = FALSE
	EndGlobalSection
	GlobalSection(ExtensibilityGlobals) = postSolution
		SolutionGuid = {09C11567-CBC5-4FB4-92C8-2AA53859930B}
	EndGlobalSection
EndGlobal
